
Microsoft Visual Studio Solution File, Format Version 12.00
# Visual Studio 15
Project("{FAE04EC0-301F-11D3-BF4B-00C04F79EFBC}") = "Assembly-CSharp", "Assembly-CSharp.csproj", "{C42F9967-9883-4577-0BDE-7B457692E062}"
EndProject
Project("{FAE04EC0-301F-11D3-BF4B-00C04F79EFBC}") = "Assembly-CSharp", "Assembly-CSharp.Player.csproj", "{81F2A04B-C0BB-5B1A-3BC1-488BD6C610CC}"
EndProject
Global
	GlobalSection(SolutionConfigurationPlatforms) = preSolution
		Debug|Any CPU = Debug|Any CPU
		Release|Any CPU = Release|Any CPU
	EndGlobalSection
	GlobalSection(ProjectConfigurationPlatforms) = postSolution
		{C42F9967-9883-4577-0BDE-7B457692E062}.Debug|Any CPU.ActiveCfg = Debug|Any CPU
		{C42F9967-9883-4577-0BDE-7B457692E062}.Debug|Any CPU.Build.0 = Debug|Any CPU
		{C42F9967-9883-4577-0BDE-7B457692E062}.Release|Any CPU.ActiveCfg = Release|Any CPU
		{C42F9967-9883-4577-0BDE-7B457692E062}.Release|Any CPU.Build.0 = Release|Any CPU
		{81F2A04B-C0BB-5B1A-3BC1-488BD6C610CC}.Debug|Any CPU.ActiveCfg = Debug|Any CPU
		{81F2A04B-C0BB-5B1A-3BC1-488BD6C610CC}.Debug|Any CPU.Build.0 = Debug|Any CPU
		{81F2A04B-C0BB-5B1A-3BC1-488BD6C610CC}.Release|Any CPU.ActiveCfg = Release|Any CPU
		{81F2A04B-C0BB-5B1A-3BC1-488BD6C610CC}.Release|Any CPU.Build.0 = Release|Any CPU
	EndGlobalSection
	GlobalSection(SolutionProperties) = preSolution
		HideSolutionNode = FALSE
	EndGlobalSection
EndGlobal
